
Microsoft Visual Studio Solution File, Format Version 12.00
# Visual Studio Version 17
VisualStudioVersion = 17.10.35013.160
MinimumVisualStudioVersion = 10.0.40219.1
Project("{FAE04EC0-301F-11D3-BF4B-00C04F79EFBC}") = "Article-Hub", "Article-Hub\Article-Hub.csproj", "{27BF4618-E364-4687-A2D3-96631F0B71D0}"
EndProject
Project("{2150E333-8FDC-42A3-9474-1A3956D46DE8}") = "Solution Items", "Solution Items", "{405C9716-D8FA-4C78-9F8A-EAD205CD823B}"
	ProjectSection(SolutionItems) = preProject
		TextFile1.txt = TextFile1.txt
	EndProjectSection
EndProject
Global
	GlobalSection(SolutionConfigurationPlatforms) = preSolution
		Debug|Any CPU = Debug|Any CPU
		Release|Any CPU = Release|Any CPU
	EndGlobalSection
	GlobalSection(ProjectConfigurationPlatforms) = postSolution
		{27BF4618-E364-4687-A2D3-96631F0B71D0}.Debug|Any CPU.ActiveCfg = Debug|Any CPU
		{27BF4618-E364-4687-A2D3-96631F0B71D0}.Debug|Any CPU.Build.0 = Debug|Any CPU
		{27BF4618-E364-4687-A2D3-96631F0B71D0}.Release|Any CPU.ActiveCfg = Release|Any CPU
		{27BF4618-E364-4687-A2D3-96631F0B71D0}.Release|Any CPU.Build.0 = Release|Any CPU
	EndGlobalSection
	GlobalSection(SolutionProperties) = preSolution
		HideSolutionNode = FALSE
	EndGlobalSection
	GlobalSection(ExtensibilityGlobals) = postSolution
		SolutionGuid = {7E7C6506-4EA3-4753-8CC4-A5D37594A79B}
	EndGlobalSection
EndGlobal
